
Microsoft Visual Studio Solution File, Format Version 12.00
# Visual Studio Version 17
VisualStudioVersion = 17.3.32804.467
MinimumVisualStudioVersion = 10.0.40219.1
Project("{FAE04EC0-301F-11D3-BF4B-00C04F79EFBC}") = "Cruise2Holiday", "Cruise2Holiday\Cruise2Holiday.csproj", "{BC13C17C-365C-45F1-974D-23F9A7B12BBA}"
EndProject
Global
	GlobalSection(SolutionConfigurationPlatforms) = preSolution
		Debug|Any CPU = Debug|Any CPU
		Release|Any CPU = Release|Any CPU
	EndGlobalSection
	GlobalSection(ProjectConfigurationPlatforms) = postSolution
		{BC13C17C-365C-45F1-974D-23F9A7B12BBA}.Debug|Any CPU.ActiveCfg = Debug|Any CPU
		{BC13C17C-365C-45F1-974D-23F9A7B12BBA}.Debug|Any CPU.Build.0 = Debug|Any CPU
		{BC13C17C-365C-45F1-974D-23F9A7B12BBA}.Release|Any CPU.ActiveCfg = Release|Any CPU
		{BC13C17C-365C-45F1-974D-23F9A7B12BBA}.Release|Any CPU.Build.0 = Release|Any CPU
	EndGlobalSection
	GlobalSection(SolutionProperties) = preSolution
		HideSolutionNode = FALSE
	EndGlobalSection
	GlobalSection(ExtensibilityGlobals) = postSolution
		SolutionGuid = {D44A6CC5-F6D5-4CFB-9697-5694E2E5CC60}
	EndGlobalSection
EndGlobal
